
Microsoft Visual Studio Solution File, Format Version 12.00
# Visual Studio 15
Project("{FAE04EC0-301F-11D3-BF4B-00C04F79EFBC}") = "Assembly-CSharp", "Assembly-CSharp.csproj", "{6FA057AF-979E-7DAC-041C-CB734A74E3B4}"
EndProject
Project("{FAE04EC0-301F-11D3-BF4B-00C04F79EFBC}") = "PlayModeTests", "PlayModeTests.csproj", "{78DC2BD2-E885-6BE0-B76E-7BE292C0F896}"
EndProject
Global
	GlobalSection(SolutionConfigurationPlatforms) = preSolution
		Debug|Any CPU = Debug|Any CPU
		Release|Any CPU = Release|Any CPU
	EndGlobalSection
	GlobalSection(ProjectConfigurationPlatforms) = postSolution
		{6FA057AF-979E-7DAC-041C-CB734A74E3B4}.Debug|Any CPU.ActiveCfg = Debug|Any CPU
		{6FA057AF-979E-7DAC-041C-CB734A74E3B4}.Debug|Any CPU.Build.0 = Debug|Any CPU
		{6FA057AF-979E-7DAC-041C-CB734A74E3B4}.Release|Any CPU.ActiveCfg = Release|Any CPU
		{6FA057AF-979E-7DAC-041C-CB734A74E3B4}.Release|Any CPU.Build.0 = Release|Any CPU
		{78DC2BD2-E885-6BE0-B76E-7BE292C0F896}.Debug|Any CPU.ActiveCfg = Debug|Any CPU
		{78DC2BD2-E885-6BE0-B76E-7BE292C0F896}.Debug|Any CPU.Build.0 = Debug|Any CPU
		{78DC2BD2-E885-6BE0-B76E-7BE292C0F896}.Release|Any CPU.ActiveCfg = Release|Any CPU
		{78DC2BD2-E885-6BE0-B76E-7BE292C0F896}.Release|Any CPU.Build.0 = Release|Any CPU
	EndGlobalSection
	GlobalSection(SolutionProperties) = preSolution
		HideSolutionNode = FALSE
	EndGlobalSection
EndGlobal
